
Microsoft Visual Studio Solution File, Format Version 12.00
# Visual Studio Version 17
VisualStudioVersion = 17.3.32901.215
MinimumVisualStudioVersion = 10.0.40219.1
Project("{9A19103F-16F7-4668-BE54-9A1E7A4F7556}") = "API", "API\API.csproj", "{25D3EEFC-3DFA-4350-9B99-117D685E342E}"
EndProject
Project("{9A19103F-16F7-4668-BE54-9A1E7A4F7556}") = "DB", "DB\DB.csproj", "{DA6E38B2-7DDB-47C2-BC86-098B63CF7D25}"
EndProject
Project("{9A19103F-16F7-4668-BE54-9A1E7A4F7556}") = "BL", "BL\BL.csproj", "{933799CA-9875-46E5-9665-97EE91716F07}"
EndProject
Project("{FAE04EC0-301F-11D3-BF4B-00C04F79EFBC}") = "UnitTests", "UnitTests\UnitTests.csproj", "{306416D2-7437-4E2D-BCC0-801E85B67A19}"
EndProject
Global
	GlobalSection(SolutionConfigurationPlatforms) = preSolution
		Debug|Any CPU = Debug|Any CPU
		Release|Any CPU = Release|Any CPU
	EndGlobalSection
	GlobalSection(ProjectConfigurationPlatforms) = postSolution
		{25D3EEFC-3DFA-4350-9B99-117D685E342E}.Debug|Any CPU.ActiveCfg = Debug|Any CPU
		{25D3EEFC-3DFA-4350-9B99-117D685E342E}.Debug|Any CPU.Build.0 = Debug|Any CPU
		{25D3EEFC-3DFA-4350-9B99-117D685E342E}.Release|Any CPU.ActiveCfg = Release|Any CPU
		{25D3EEFC-3DFA-4350-9B99-117D685E342E}.Release|Any CPU.Build.0 = Release|Any CPU
		{DA6E38B2-7DDB-47C2-BC86-098B63CF7D25}.Debug|Any CPU.ActiveCfg = Debug|Any CPU
		{DA6E38B2-7DDB-47C2-BC86-098B63CF7D25}.Debug|Any CPU.Build.0 = Debug|Any CPU
		{DA6E38B2-7DDB-47C2-BC86-098B63CF7D25}.Release|Any CPU.ActiveCfg = Release|Any CPU
		{DA6E38B2-7DDB-47C2-BC86-098B63CF7D25}.Release|Any CPU.Build.0 = Release|Any CPU
		{933799CA-9875-46E5-9665-97EE91716F07}.Debug|Any CPU.ActiveCfg = Debug|Any CPU
		{933799CA-9875-46E5-9665-97EE91716F07}.Debug|Any CPU.Build.0 = Debug|Any CPU
		{933799CA-9875-46E5-9665-97EE91716F07}.Release|Any CPU.ActiveCfg = Release|Any CPU
		{933799CA-9875-46E5-9665-97EE91716F07}.Release|Any CPU.Build.0 = Release|Any CPU
		{306416D2-7437-4E2D-BCC0-801E85B67A19}.Debug|Any CPU.ActiveCfg = Debug|Any CPU
		{306416D2-7437-4E2D-BCC0-801E85B67A19}.Debug|Any CPU.Build.0 = Debug|Any CPU
		{306416D2-7437-4E2D-BCC0-801E85B67A19}.Release|Any CPU.ActiveCfg = Release|Any CPU
		{306416D2-7437-4E2D-BCC0-801E85B67A19}.Release|Any CPU.Build.0 = Release|Any CPU
	EndGlobalSection
	GlobalSection(SolutionProperties) = preSolution
		HideSolutionNode = FALSE
	EndGlobalSection
	GlobalSection(ExtensibilityGlobals) = postSolution
		SolutionGuid = {FEABFE59-D707-4FBC-933D-35B79CEF180E}
	EndGlobalSection
EndGlobal
